
Microsoft Visual Studio Solution File, Format Version 12.00
# Visual Studio 15
VisualStudioVersion = 15.0.27428.2027
MinimumVisualStudioVersion = 10.0.40219.1
Project("{8BC9CEB8-8B4A-11D0-8D11-00A0C91BC942}") = "FastDrawing", "FastDrawing\FastDrawing.vcxproj", "{3F5712F3-5E43-4D16-B84E-2019D3771C2D}"
EndProject
Project("{8BC9CEB8-8B4A-11D0-8D11-00A0C91BC942}") = "FastDrawing.Test", "FastDrawing.Test\FastDrawing.Test.vcxproj", "{B05AF19D-A58F-481D-BCB2-4C63DDB96764}"
EndProject
Global
	GlobalSection(SolutionConfigurationPlatforms) = preSolution
		Debug|x64 = Debug|x64
		Debug|x86 = Debug|x86
		Release|x64 = Release|x64
		Release|x86 = Release|x86
	EndGlobalSection
	GlobalSection(ProjectConfigurationPlatforms) = postSolution
		{3F5712F3-5E43-4D16-B84E-2019D3771C2D}.Debug|x64.ActiveCfg = Debug|x64
		{3F5712F3-5E43-4D16-B84E-2019D3771C2D}.Debug|x64.Build.0 = Debug|x64
		{3F5712F3-5E43-4D16-B84E-2019D3771C2D}.Debug|x86.ActiveCfg = Debug|x64
		{3F5712F3-5E43-4D16-B84E-2019D3771C2D}.Debug|x86.Build.0 = Debug|x64
		{3F5712F3-5E43-4D16-B84E-2019D3771C2D}.Release|x64.ActiveCfg = Release|x64
		{3F5712F3-5E43-4D16-B84E-2019D3771C2D}.Release|x64.Build.0 = Release|x64
		{3F5712F3-5E43-4D16-B84E-2019D3771C2D}.Release|x86.ActiveCfg = Release|Win32
		{3F5712F3-5E43-4D16-B84E-2019D3771C2D}.Release|x86.Build.0 = Release|Win32
		{B05AF19D-A58F-481D-BCB2-4C63DDB96764}.Debug|x64.ActiveCfg = Debug|x64
		{B05AF19D-A58F-481D-BCB2-4C63DDB96764}.Debug|x64.Build.0 = Debug|x64
		{B05AF19D-A58F-481D-BCB2-4C63DDB96764}.Debug|x86.ActiveCfg = Debug|Win32
		{B05AF19D-A58F-481D-BCB2-4C63DDB96764}.Debug|x86.Build.0 = Debug|Win32
		{B05AF19D-A58F-481D-BCB2-4C63DDB96764}.Release|x64.ActiveCfg = Release|x64
		{B05AF19D-A58F-481D-BCB2-4C63DDB96764}.Release|x64.Build.0 = Release|x64
		{B05AF19D-A58F-481D-BCB2-4C63DDB96764}.Release|x86.ActiveCfg = Release|Win32
		{B05AF19D-A58F-481D-BCB2-4C63DDB96764}.Release|x86.Build.0 = Release|Win32
	EndGlobalSection
	GlobalSection(SolutionProperties) = preSolution
		HideSolutionNode = FALSE
	EndGlobalSection
	GlobalSection(ExtensibilityGlobals) = postSolution
		SolutionGuid = {FE0B18B7-FC46-4F9F-A547-B920BE14A930}
	EndGlobalSection
EndGlobal
